
Microsoft Visual Studio Solution File, Format Version 12.00
# Visual Studio 15
VisualStudioVersion = 15.0.28010.2003
MinimumVisualStudioVersion = 10.0.40219.1
Project("{FAE04EC0-301F-11D3-BF4B-00C04F79EFBC}") = "EXA_U1_Catalan", "EXA_U1_Catalan\EXA_U1_Catalan.csproj", "{9E4BDEAD-355C-4345-A63B-A197138D92DF}"
EndProject
Global
	GlobalSection(SolutionConfigurationPlatforms) = preSolution
		Debug|Any CPU = Debug|Any CPU
		Release|Any CPU = Release|Any CPU
	EndGlobalSection
	GlobalSection(ProjectConfigurationPlatforms) = postSolution
		{9E4BDEAD-355C-4345-A63B-A197138D92DF}.Debug|Any CPU.ActiveCfg = Debug|Any CPU
		{9E4BDEAD-355C-4345-A63B-A197138D92DF}.Debug|Any CPU.Build.0 = Debug|Any CPU
		{9E4BDEAD-355C-4345-A63B-A197138D92DF}.Release|Any CPU.ActiveCfg = Release|Any CPU
		{9E4BDEAD-355C-4345-A63B-A197138D92DF}.Release|Any CPU.Build.0 = Release|Any CPU
	EndGlobalSection
	GlobalSection(SolutionProperties) = preSolution
		HideSolutionNode = FALSE
	EndGlobalSection
	GlobalSection(ExtensibilityGlobals) = postSolution
		SolutionGuid = {854409C7-9A53-4055-975A-F2E7ECA335EB}
	EndGlobalSection
EndGlobal
