
Microsoft Visual Studio Solution File, Format Version 12.00
# Visual Studio 15
VisualStudioVersion = 15.0.28010.2003
MinimumVisualStudioVersion = 10.0.40219.1
Project("{FAE04EC0-301F-11D3-BF4B-00C04F79EFBC}") = "TrabajoUnidadI_TiconaCatalan", "TrabajoUnidadI_TiconaCatalan\TrabajoUnidadI_TiconaCatalan.csproj", "{A753ECC3-5440-428C-96DB-12131D519A0A}"
EndProject
Global
	GlobalSection(SolutionConfigurationPlatforms) = preSolution
		Debug|Any CPU = Debug|Any CPU
		Release|Any CPU = Release|Any CPU
	EndGlobalSection
	GlobalSection(ProjectConfigurationPlatforms) = postSolution
		{A753ECC3-5440-428C-96DB-12131D519A0A}.Debug|Any CPU.ActiveCfg = Debug|Any CPU
		{A753ECC3-5440-428C-96DB-12131D519A0A}.Debug|Any CPU.Build.0 = Debug|Any CPU
		{A753ECC3-5440-428C-96DB-12131D519A0A}.Release|Any CPU.ActiveCfg = Release|Any CPU
		{A753ECC3-5440-428C-96DB-12131D519A0A}.Release|Any CPU.Build.0 = Release|Any CPU
	EndGlobalSection
	GlobalSection(SolutionProperties) = preSolution
		HideSolutionNode = FALSE
	EndGlobalSection
	GlobalSection(ExtensibilityGlobals) = postSolution
		SolutionGuid = {3C5197CF-517C-4CF2-B8A7-F42906069DD8}
	EndGlobalSection
EndGlobal
